
Microsoft Visual Studio Solution File, Format Version 12.00
# Visual Studio Version 16
VisualStudioVersion = 16.0.30907.101
MinimumVisualStudioVersion = 10.0.40219.1
Project("{FAE04EC0-301F-11D3-BF4B-00C04F79EFBC}") = "Windows.NTierArchitectureExample", "Windows.NTierArchitectureExample\Windows.NTierArchitectureExample.csproj", "{E4EEEDAF-7F46-4B1B-9232-DDEF5CB210A9}"
EndProject
Global
	GlobalSection(SolutionConfigurationPlatforms) = preSolution
		Debug|Any CPU = Debug|Any CPU
		Release|Any CPU = Release|Any CPU
	EndGlobalSection
	GlobalSection(ProjectConfigurationPlatforms) = postSolution
		{E4EEEDAF-7F46-4B1B-9232-DDEF5CB210A9}.Debug|Any CPU.ActiveCfg = Debug|Any CPU
		{E4EEEDAF-7F46-4B1B-9232-DDEF5CB210A9}.Debug|Any CPU.Build.0 = Debug|Any CPU
		{E4EEEDAF-7F46-4B1B-9232-DDEF5CB210A9}.Release|Any CPU.ActiveCfg = Release|Any CPU
		{E4EEEDAF-7F46-4B1B-9232-DDEF5CB210A9}.Release|Any CPU.Build.0 = Release|Any CPU
	EndGlobalSection
	GlobalSection(SolutionProperties) = preSolution
		HideSolutionNode = FALSE
	EndGlobalSection
	GlobalSection(ExtensibilityGlobals) = postSolution
		SolutionGuid = {F1AA6585-A6A4-4B58-BA04-2E16A9467383}
	EndGlobalSection
EndGlobal
